
Microsoft Visual Studio Solution File, Format Version 12.00
# Visual Studio Version 17
VisualStudioVersion = 17.14.36603.0 d17.14
MinimumVisualStudioVersion = 10.0.40219.1
Project("{FAE04EC0-301F-11D3-BF4B-00C04F79EFBC}") = "Théorie", "Théorie\Théorie.csproj", "{A33415BC-B2F6-4313-82DF-9C7F35B26983}"
EndProject
Project("{FAE04EC0-301F-11D3-BF4B-00C04F79EFBC}") = "Fonctions", "Fonctions\Fonctions.csproj", "{16E95714-8783-458C-87EC-3102FC8C0650}"
EndProject
Project("{FAE04EC0-301F-11D3-BF4B-00C04F79EFBC}") = "Exercices", "Exercices\Exercices.csproj", "{07AB0A72-8BF8-42E0-B037-5E408AAADE3C}"
EndProject
Global
	GlobalSection(SolutionConfigurationPlatforms) = preSolution
		Debug|Any CPU = Debug|Any CPU
		Release|Any CPU = Release|Any CPU
	EndGlobalSection
	GlobalSection(ProjectConfigurationPlatforms) = postSolution
		{A33415BC-B2F6-4313-82DF-9C7F35B26983}.Debug|Any CPU.ActiveCfg = Debug|Any CPU
		{A33415BC-B2F6-4313-82DF-9C7F35B26983}.Debug|Any CPU.Build.0 = Debug|Any CPU
		{A33415BC-B2F6-4313-82DF-9C7F35B26983}.Release|Any CPU.ActiveCfg = Release|Any CPU
		{A33415BC-B2F6-4313-82DF-9C7F35B26983}.Release|Any CPU.Build.0 = Release|Any CPU
		{16E95714-8783-458C-87EC-3102FC8C0650}.Debug|Any CPU.ActiveCfg = Debug|Any CPU
		{16E95714-8783-458C-87EC-3102FC8C0650}.Debug|Any CPU.Build.0 = Debug|Any CPU
		{16E95714-8783-458C-87EC-3102FC8C0650}.Release|Any CPU.ActiveCfg = Release|Any CPU
		{16E95714-8783-458C-87EC-3102FC8C0650}.Release|Any CPU.Build.0 = Release|Any CPU
		{07AB0A72-8BF8-42E0-B037-5E408AAADE3C}.Debug|Any CPU.ActiveCfg = Debug|Any CPU
		{07AB0A72-8BF8-42E0-B037-5E408AAADE3C}.Debug|Any CPU.Build.0 = Debug|Any CPU
		{07AB0A72-8BF8-42E0-B037-5E408AAADE3C}.Release|Any CPU.ActiveCfg = Release|Any CPU
		{07AB0A72-8BF8-42E0-B037-5E408AAADE3C}.Release|Any CPU.Build.0 = Release|Any CPU
	EndGlobalSection
	GlobalSection(SolutionProperties) = preSolution
		HideSolutionNode = FALSE
	EndGlobalSection
	GlobalSection(ExtensibilityGlobals) = postSolution
		SolutionGuid = {097B0DF0-F2C7-4DED-AF6B-5E77D356CE84}
	EndGlobalSection
EndGlobal
